
Microsoft Visual Studio Solution File, Format Version 12.00
# Visual Studio Version 16
VisualStudioVersion = 16.0.31729.503
MinimumVisualStudioVersion = 10.0.40219.1
Project("{8BC9CEB8-8B4A-11D0-8D11-00A0C91BC942}") = "keypoint", "keypoint\keypoint.vcxproj", "{24CE696D-0FB3-430B-A659-82685EBA4D4A}"
EndProject
Project("{8BC9CEB8-8B4A-11D0-8D11-00A0C91BC942}") = "test", "test\test.vcxproj", "{342EB3AC-D0C0-4048-865D-A91D826D48AC}"
EndProject
Global
	GlobalSection(SolutionConfigurationPlatforms) = preSolution
		Debug|x64 = Debug|x64
		Debug|x86 = Debug|x86
		Release|x64 = Release|x64
		Release|x86 = Release|x86
	EndGlobalSection
	GlobalSection(ProjectConfigurationPlatforms) = postSolution
		{24CE696D-0FB3-430B-A659-82685EBA4D4A}.Debug|x64.ActiveCfg = Debug|x64
		{24CE696D-0FB3-430B-A659-82685EBA4D4A}.Debug|x64.Build.0 = Debug|x64
		{24CE696D-0FB3-430B-A659-82685EBA4D4A}.Debug|x86.ActiveCfg = Debug|Win32
		{24CE696D-0FB3-430B-A659-82685EBA4D4A}.Debug|x86.Build.0 = Debug|Win32
		{24CE696D-0FB3-430B-A659-82685EBA4D4A}.Release|x64.ActiveCfg = Release|x64
		{24CE696D-0FB3-430B-A659-82685EBA4D4A}.Release|x64.Build.0 = Release|x64
		{24CE696D-0FB3-430B-A659-82685EBA4D4A}.Release|x86.ActiveCfg = Release|Win32
		{24CE696D-0FB3-430B-A659-82685EBA4D4A}.Release|x86.Build.0 = Release|Win32
		{342EB3AC-D0C0-4048-865D-A91D826D48AC}.Debug|x64.ActiveCfg = Debug|x64
		{342EB3AC-D0C0-4048-865D-A91D826D48AC}.Debug|x64.Build.0 = Debug|x64
		{342EB3AC-D0C0-4048-865D-A91D826D48AC}.Debug|x86.ActiveCfg = Debug|Win32
		{342EB3AC-D0C0-4048-865D-A91D826D48AC}.Debug|x86.Build.0 = Debug|Win32
		{342EB3AC-D0C0-4048-865D-A91D826D48AC}.Release|x64.ActiveCfg = Release|x64
		{342EB3AC-D0C0-4048-865D-A91D826D48AC}.Release|x64.Build.0 = Release|x64
		{342EB3AC-D0C0-4048-865D-A91D826D48AC}.Release|x86.ActiveCfg = Release|Win32
		{342EB3AC-D0C0-4048-865D-A91D826D48AC}.Release|x86.Build.0 = Release|Win32
	EndGlobalSection
	GlobalSection(SolutionProperties) = preSolution
		HideSolutionNode = FALSE
	EndGlobalSection
	GlobalSection(ExtensibilityGlobals) = postSolution
		SolutionGuid = {77B8F27D-2B91-4B6E-9B41-656AB3BA10C0}
	EndGlobalSection
EndGlobal
